<?xml version="1.0" encoding="utf-8"?>
<Project ToolsVersion="4.0" xmlns="http://schemas.microsoft.com/developer/msbuild/2003">
  <ItemGroup>
    <Filter Include="ソース ファイル">
      <UniqueIdentifier>{d11e17d3-14da-468a-ae3c-fcb347a29232}</UniqueIdentifier>
      <Extensions>cpp;c;cxx;def;odl;idl;hpj;bat;asm</Extensions>
    </Filter>
    <Filter Include="ヘッダー ファイル">
      <UniqueIdentifier>{a380ab4d-3d5a-447d-9cc8-a2625d987978}</UniqueIdentifier>
      <Extensions>h;hpp;hxx;hm;inl;inc</Extensions>
    </Filter>
    <Filter Include="リソース ファイル">
      <UniqueIdentifier>{86a59be2-668d-4ac5-97c7-dfa394ebba13}</UniqueIdentifier>
      <Extensions>rc;ico;cur;bmp;dlg;rc2;rct;bin;rgs;gif;jpg;jpeg;jpe</Extensions>
    </Filter>
  </ItemGroup>
  <ItemGroup>
    <ClCompile Include="..\timidity\aiff_a.c">
      <Filter>ソース ファイル</Filter>
    </ClCompile>
    <ClCompile Include="..\timidity\aq.c">
      <Filter>ソース ファイル</Filter>
    </ClCompile>
    <ClCompile Include="..\timidity\au_a.c">
      <Filter>ソース ファイル</Filter>
    </ClCompile>
    <ClCompile Include="..\timidity\audio_cnv.c">
      <Filter>ソース ファイル</Filter>
    </ClCompile>
    <ClCompile Include="..\timidity\common.c">
      <Filter>ソース ファイル</Filter>
    </ClCompile>
    <ClCompile Include="..\timidity\controls.c">
      <Filter>ソース ファイル</Filter>
    </ClCompile>
    <ClCompile Include="..\portaudio\pa_win_ds\dsound_wrapper.c">
      <Filter>ソース ファイル</Filter>
    </ClCompile>
    <ClCompile Include="..\timidity\effect.c">
      <Filter>ソース ファイル</Filter>
    </ClCompile>
    <ClCompile Include="..\timidity\filter.c">
      <Filter>ソース ファイル</Filter>
    </ClCompile>
    <ClCompile Include="..\timidity\freq.c">
      <Filter>ソース ファイル</Filter>
    </ClCompile>
    <ClCompile Include="..\timidity\gogo_a.c">
      <Filter>ソース ファイル</Filter>
    </ClCompile>
    <ClCompile Include="..\timidity\instrum.c">
      <Filter>ソース ファイル</Filter>
    </ClCompile>
    <ClCompile Include="..\timidity\list_a.c">
      <Filter>ソース ファイル</Filter>
    </ClCompile>
    <ClCompile Include="..\timidity\loadtab.c">
      <Filter>ソース ファイル</Filter>
    </ClCompile>
    <ClCompile Include="..\timidity\m2m.c">
      <Filter>ソース ファイル</Filter>
    </ClCompile>
    <ClCompile Include="..\timidity\mfi.c">
      <Filter>ソース ファイル</Filter>
    </ClCompile>
    <ClCompile Include="..\timidity\mfnode.c">
      <Filter>ソース ファイル</Filter>
    </ClCompile>
    <ClCompile Include="..\timidity\miditrace.c">
      <Filter>ソース ファイル</Filter>
    </ClCompile>
    <ClCompile Include="..\timidity\mix.c">
      <Filter>ソース ファイル</Filter>
    </ClCompile>
    <ClCompile Include="..\timidity\mod.c">
      <Filter>ソース ファイル</Filter>
    </ClCompile>
    <ClCompile Include="..\timidity\mod2midi.c">
      <Filter>ソース ファイル</Filter>
    </ClCompile>
    <ClCompile Include="..\timidity\modmid_a.c">
      <Filter>ソース ファイル</Filter>
    </ClCompile>
    <ClCompile Include="..\timidity\mt19937ar.c">
      <Filter>ソース ファイル</Filter>
    </ClCompile>
    <ClCompile Include="..\timidity\optcode.c">
      <Filter>ソース ファイル</Filter>
    </ClCompile>
    <ClCompile Include="..\timidity\output.c">
      <Filter>ソース ファイル</Filter>
    </ClCompile>
    <ClCompile Include="..\portaudio\pa_win_ds\pa_dsound.c">
      <Filter>ソース ファイル</Filter>
    </ClCompile>
    <ClCompile Include="..\portaudio\pa_common\pa_lib.c">
      <Filter>ソース ファイル</Filter>
    </ClCompile>
    <ClCompile Include="..\timidity\playmidi.c">
      <Filter>ソース ファイル</Filter>
    </ClCompile>
    <ClCompile Include="..\timidity\portaudio_a.c">
      <Filter>ソース ファイル</Filter>
    </ClCompile>
    <ClCompile Include="..\timidity\quantity.c">
      <Filter>ソース ファイル</Filter>
    </ClCompile>
    <ClCompile Include="..\timidity\raw_a.c">
      <Filter>ソース ファイル</Filter>
    </ClCompile>
    <ClCompile Include="..\timidity\rcp.c">
      <Filter>ソース ファイル</Filter>
    </ClCompile>
    <ClCompile Include="..\timidity\readmidi.c">
      <Filter>ソース ファイル</Filter>
    </ClCompile>
    <ClCompile Include="..\timidity\recache.c">
      <Filter>ソース ファイル</Filter>
    </ClCompile>
    <ClCompile Include="..\timidity\resample.c">
      <Filter>ソース ファイル</Filter>
    </ClCompile>
    <ClCompile Include="..\timidity\reverb.c">
      <Filter>ソース ファイル</Filter>
    </ClCompile>
    <ClCompile Include="..\interface\rtsyn_common.c">
      <Filter>ソース ファイル</Filter>
    </ClCompile>
    <ClCompile Include="..\interface\rtsyn_winmm.c">
      <Filter>ソース ファイル</Filter>
    </ClCompile>
    <ClCompile Include="..\timidity\sbkconv.c">
      <Filter>ソース ファイル</Filter>
    </ClCompile>
    <ClCompile Include="..\timidity\sffile.c">
      <Filter>ソース ファイル</Filter>
    </ClCompile>
    <ClCompile Include="..\timidity\sfitem.c">
      <Filter>ソース ファイル</Filter>
    </ClCompile>
    <ClCompile Include="..\timidity\smfconv.c">
      <Filter>ソース ファイル</Filter>
    </ClCompile>
    <ClCompile Include="..\timidity\smplfile.c">
      <Filter>ソース ファイル</Filter>
    </ClCompile>
    <ClCompile Include="..\timidity\sndfont.c">
      <Filter>ソース ファイル</Filter>
    </ClCompile>
    <ClCompile Include="..\timidity\tables.c">
      <Filter>ソース ファイル</Filter>
    </ClCompile>
    <ClCompile Include="..\timidity\timidity.c">
      <Filter>ソース ファイル</Filter>
    </ClCompile>
    <ClCompile Include="..\timidity\version.c">
      <Filter>ソース ファイル</Filter>
    </ClCompile>
    <ClCompile Include="..\timidity\vorbis_a.c">
      <Filter>ソース ファイル</Filter>
    </ClCompile>
    <ClCompile Include="..\timidity\w32_a.c">
      <Filter>ソース ファイル</Filter>
    </ClCompile>
    <ClCompile Include="..\timidity\w32_gogo.c">
      <Filter>ソース ファイル</Filter>
    </ClCompile>
    <ClCompile Include="..\interface\w32g_ini.c">
      <Filter>ソース ファイル</Filter>
    </ClCompile>
    <ClCompile Include="..\timidity\w32g_ogg_dll.c">
      <Filter>ソース ファイル</Filter>
    </ClCompile>
    <ClCompile Include="..\interface\w32g_pref.c">
      <Filter>ソース ファイル</Filter>
    </ClCompile>
    <ClCompile Include="..\interface\w32g_syn.c">
      <Filter>ソース ファイル</Filter>
    </ClCompile>
    <ClCompile Include="..\interface\w32g_utl.c">
      <Filter>ソース ファイル</Filter>
    </ClCompile>
    <ClCompile Include="..\timidity\w32g_vorbis_dll.c">
      <Filter>ソース ファイル</Filter>
    </ClCompile>
    <ClCompile Include="..\timidity\w32g_vorbisenc_dll.c">
      <Filter>ソース ファイル</Filter>
    </ClCompile>
    <ClCompile Include="..\timidity\wave_a.c">
      <Filter>ソース ファイル</Filter>
    </ClCompile>
    <ClCompile Include="..\interface\winsyn_c.c">
      <Filter>ソース ファイル</Filter>
    </ClCompile>
    <ClCompile Include="..\timidity\wrd_read.c">
      <Filter>ソース ファイル</Filter>
    </ClCompile>
    <ClCompile Include="..\timidity\wrdt.c">
      <Filter>ソース ファイル</Filter>
    </ClCompile>
  </ItemGroup>
  <ItemGroup>
    <ClInclude Include="..\config.h">
      <Filter>ヘッダー ファイル</Filter>
    </ClInclude>
    <ClInclude Include="..\interface.h">
      <Filter>ヘッダー ファイル</Filter>
    </ClInclude>
    <ClInclude Include="..\configs\msc-config.h">
      <Filter>ヘッダー ファイル</Filter>
    </ClInclude>
    <ClInclude Include="..\configs\msc-twsyn-interface.h">
      <Filter>ヘッダー ファイル</Filter>
    </ClInclude>
  </ItemGroup>
</Project>